
Microsoft Visual Studio Solution File, Format Version 12.00
# Visual Studio Version 16
VisualStudioVersion = 16.0.31729.503
MinimumVisualStudioVersion = 10.0.40219.1
Project("{FAE04EC0-301F-11D3-BF4B-00C04F79EFBC}") = "FeedMe", "FeedMe\FeedMe.csproj", "{F3ECD97B-CECE-4B09-B016-F54A7406E44E}"
EndProject
Global
	GlobalSection(SolutionConfigurationPlatforms) = preSolution
		Debug|Any CPU = Debug|Any CPU
		Release|Any CPU = Release|Any CPU
	EndGlobalSection
	GlobalSection(ProjectConfigurationPlatforms) = postSolution
		{F3ECD97B-CECE-4B09-B016-F54A7406E44E}.Debug|Any CPU.ActiveCfg = Debug|Any CPU
		{F3ECD97B-CECE-4B09-B016-F54A7406E44E}.Debug|Any CPU.Build.0 = Debug|Any CPU
		{F3ECD97B-CECE-4B09-B016-F54A7406E44E}.Release|Any CPU.ActiveCfg = Release|Any CPU
		{F3ECD97B-CECE-4B09-B016-F54A7406E44E}.Release|Any CPU.Build.0 = Release|Any CPU
	EndGlobalSection
	GlobalSection(SolutionProperties) = preSolution
		HideSolutionNode = FALSE
	EndGlobalSection
	GlobalSection(ExtensibilityGlobals) = postSolution
		SolutionGuid = {64603C63-04AA-472B-A40C-936E21EDF7B7}
	EndGlobalSection
EndGlobal
